
Microsoft Visual Studio Solution File, Format Version 12.00
Project("{2150E333-8FDC-42A3-9474-1A3956D46DE8}") = "Building Blocks", "Building Blocks", "{760CF0D0-5E97-472A-B564-352BCAB7F5BC}"
EndProject
Project("{2150E333-8FDC-42A3-9474-1A3956D46DE8}") = "Services", "Services", "{3C6D88DF-55C9-4FBB-A41B-4EBBA034D84A}"
EndProject
Project("{FAE04EC0-301F-11D3-BF4B-00C04F79EFBC}") = "LCE.Core", "src\building blocks\LCE.Core\LCE.Core.csproj", "{A9C0EC4D-9EBC-474D-B453-5734E2ACA3DB}"
EndProject
Project("{FAE04EC0-301F-11D3-BF4B-00C04F79EFBC}") = "LCE.Identify.API", "src\services\LCE.Identify.API\LCE.Identify.API.csproj", "{138DA086-FB86-4406-BE21-435B7AD831A3}"
EndProject
Project("{2150E333-8FDC-42A3-9474-1A3956D46DE8}") = "LCE.Linketree", "LCE.Linketree", "{E6C722FC-38B6-42E6-B738-5DA9C1981BFE}"
EndProject
Project("{FAE04EC0-301F-11D3-BF4B-00C04F79EFBC}") = "LCE.Domain", "src\services\LCE.Linktree\LCE.Domain\LCE.Domain.csproj", "{DCDDEBFD-DEB6-4E28-B3C4-7F51B30D79F8}"
EndProject
Project("{FAE04EC0-301F-11D3-BF4B-00C04F79EFBC}") = "LCE.Infra", "src\services\LCE.Linktree\LCE.Infra\LCE.Infra.csproj", "{E07238A0-DECE-494B-8E0F-A0646336A812}"
EndProject
Project("{FAE04EC0-301F-11D3-BF4B-00C04F79EFBC}") = "LCE.Api", "src\services\LCE.Linktree\LCE.Api\LCE.Api.csproj", "{5367E155-2271-43D6-BA3D-903195B656B7}"
EndProject
Global
	GlobalSection(SolutionConfigurationPlatforms) = preSolution
		Debug|Any CPU = Debug|Any CPU
		Release|Any CPU = Release|Any CPU
	EndGlobalSection
	GlobalSection(NestedProjects) = preSolution
		{A9C0EC4D-9EBC-474D-B453-5734E2ACA3DB} = {760CF0D0-5E97-472A-B564-352BCAB7F5BC}
		{138DA086-FB86-4406-BE21-435B7AD831A3} = {3C6D88DF-55C9-4FBB-A41B-4EBBA034D84A}
		{E6C722FC-38B6-42E6-B738-5DA9C1981BFE} = {3C6D88DF-55C9-4FBB-A41B-4EBBA034D84A}
		{DCDDEBFD-DEB6-4E28-B3C4-7F51B30D79F8} = {E6C722FC-38B6-42E6-B738-5DA9C1981BFE}
		{E07238A0-DECE-494B-8E0F-A0646336A812} = {E6C722FC-38B6-42E6-B738-5DA9C1981BFE}
		{5367E155-2271-43D6-BA3D-903195B656B7} = {E6C722FC-38B6-42E6-B738-5DA9C1981BFE}
	EndGlobalSection
	GlobalSection(ProjectConfigurationPlatforms) = postSolution
		{A9C0EC4D-9EBC-474D-B453-5734E2ACA3DB}.Debug|Any CPU.ActiveCfg = Debug|Any CPU
		{A9C0EC4D-9EBC-474D-B453-5734E2ACA3DB}.Debug|Any CPU.Build.0 = Debug|Any CPU
		{A9C0EC4D-9EBC-474D-B453-5734E2ACA3DB}.Release|Any CPU.ActiveCfg = Release|Any CPU
		{A9C0EC4D-9EBC-474D-B453-5734E2ACA3DB}.Release|Any CPU.Build.0 = Release|Any CPU
		{138DA086-FB86-4406-BE21-435B7AD831A3}.Debug|Any CPU.ActiveCfg = Debug|Any CPU
		{138DA086-FB86-4406-BE21-435B7AD831A3}.Debug|Any CPU.Build.0 = Debug|Any CPU
		{138DA086-FB86-4406-BE21-435B7AD831A3}.Release|Any CPU.ActiveCfg = Release|Any CPU
		{138DA086-FB86-4406-BE21-435B7AD831A3}.Release|Any CPU.Build.0 = Release|Any CPU
		{DCDDEBFD-DEB6-4E28-B3C4-7F51B30D79F8}.Debug|Any CPU.ActiveCfg = Debug|Any CPU
		{DCDDEBFD-DEB6-4E28-B3C4-7F51B30D79F8}.Debug|Any CPU.Build.0 = Debug|Any CPU
		{DCDDEBFD-DEB6-4E28-B3C4-7F51B30D79F8}.Release|Any CPU.ActiveCfg = Release|Any CPU
		{DCDDEBFD-DEB6-4E28-B3C4-7F51B30D79F8}.Release|Any CPU.Build.0 = Release|Any CPU
		{E07238A0-DECE-494B-8E0F-A0646336A812}.Debug|Any CPU.ActiveCfg = Debug|Any CPU
		{E07238A0-DECE-494B-8E0F-A0646336A812}.Debug|Any CPU.Build.0 = Debug|Any CPU
		{E07238A0-DECE-494B-8E0F-A0646336A812}.Release|Any CPU.ActiveCfg = Release|Any CPU
		{E07238A0-DECE-494B-8E0F-A0646336A812}.Release|Any CPU.Build.0 = Release|Any CPU
		{5367E155-2271-43D6-BA3D-903195B656B7}.Debug|Any CPU.ActiveCfg = Debug|Any CPU
		{5367E155-2271-43D6-BA3D-903195B656B7}.Debug|Any CPU.Build.0 = Debug|Any CPU
		{5367E155-2271-43D6-BA3D-903195B656B7}.Release|Any CPU.ActiveCfg = Release|Any CPU
		{5367E155-2271-43D6-BA3D-903195B656B7}.Release|Any CPU.Build.0 = Release|Any CPU
	EndGlobalSection
EndGlobal
